
Microsoft Visual Studio Solution File, Format Version 12.00
# Visual Studio Version 17
VisualStudioVersion = 17.14.36623.8 d17.14
MinimumVisualStudioVersion = 10.0.40219.1
Project("{FAE04EC0-301F-11D3-BF4B-00C04F79EFBC}") = "DotNetSemanticAgent", "DotNetSemanticAgent\DotNetSemanticAgent.csproj", "{4CA73ABF-004E-4035-B582-75D007040730}"
EndProject
Global
	GlobalSection(SolutionConfigurationPlatforms) = preSolution
		Debug|Any CPU = Debug|Any CPU
		Release|Any CPU = Release|Any CPU
	EndGlobalSection
	GlobalSection(ProjectConfigurationPlatforms) = postSolution
		{4CA73ABF-004E-4035-B582-75D007040730}.Debug|Any CPU.ActiveCfg = Debug|Any CPU
		{4CA73ABF-004E-4035-B582-75D007040730}.Debug|Any CPU.Build.0 = Debug|Any CPU
		{4CA73ABF-004E-4035-B582-75D007040730}.Release|Any CPU.ActiveCfg = Release|Any CPU
		{4CA73ABF-004E-4035-B582-75D007040730}.Release|Any CPU.Build.0 = Release|Any CPU
	EndGlobalSection
	GlobalSection(SolutionProperties) = preSolution
		HideSolutionNode = FALSE
	EndGlobalSection
	GlobalSection(ExtensibilityGlobals) = postSolution
		SolutionGuid = {0A371A85-5D85-49B8-AD88-43FD4D2326A7}
	EndGlobalSection
EndGlobal
